// !$*UTF8*$!
{
	archiveVersion = 1;
	classes = {
	};
	objectVersion = 50;
	objects = {

/* Begin PBXBuildFile section */
		C6A45E0B23A62A3B00B809FE /* AppDelegate.swift in Sources */ = {isa = PBXBuildFile; fileRef = C6A45E0A23A62A3B00B809FE /* AppDelegate.swift */; };
		C6A45E0D23A62A3B00B809FE /* SceneDelegate.swift in Sources */ = {isa = PBXBuildFile; fileRef = C6A45E0C23A62A3B00B809FE /* SceneDelegate.swift */; };
		C6A45E0F23A62A3B00B809FE /* ContentView.swift in Sources */ = {isa = PBXBuildFile; fileRef = C6A45E0E23A62A3B00B809FE /* ContentView.swift */; };
		C6A45E1123A62A3C00B809FE /* Assets.xcassets in Resources */ = {isa = PBXBuildFile; fileRef = C6A45E1023A62A3C00B809FE /* Assets.xcassets */; };
		C6A45E1423A62A3C00B809FE /* Preview Assets.xcassets in Resources */ = {isa = PBXBuildFile; fileRef = C6A45E1323A62A3C00B809FE /* Preview Assets.xcassets */; };
		C6A45E1723A62A3C00B809FE /* LaunchScreen.storyboard in Resources */ = {isa = PBXBuildFile; fileRef = C6A45E1523A62A3C00B809FE /* LaunchScreen.storyboard */; };
		C6E6A43E23A6522B0097F920 /* LoginView.swift in Sources */ = {isa = PBXBuildFile; fileRef = C6E6A43D23A6522B0097F920 /* LoginView.swift */; };
		C6E6A44423A68ADC0097F920 /* sample.json in Resources */ = {isa = PBXBuildFile; fileRef = C6E6A44323A68ADC0097F920 /* sample.json */; };
		C6E6A44723A68B0F0097F920 /* Activity.swift in Sources */ = {isa = PBXBuildFile; fileRef = C6E6A44623A68B0F0097F920 /* Activity.swift */; };
		C6E6A44923A68CA20097F920 /* Data.swift in Sources */ = {isa = PBXBuildFile; fileRef = C6E6A44823A68CA20097F920 /* Data.swift */; };
		C6E6A44B23A68D5B0097F920 /* ActivitySimpleView.swift in Sources */ = {isa = PBXBuildFile; fileRef = C6E6A44A23A68D5B0097F920 /* ActivitySimpleView.swift */; };
/* End PBXBuildFile section */

/* Begin PBXFileReference section */
		C6A45E0723A62A3B00B809FE /* Activities.app */ = {isa = PBXFileReference; explicitFileType = wrapper.application; includeInIndex = 0; path = Activities.app; sourceTree = BUILT_PRODUCTS_DIR; };
		C6A45E0A23A62A3B00B809FE /* AppDelegate.swift */ = {isa = PBXFileReference; lastKnownFileType = sourcecode.swift; path = AppDelegate.swift; sourceTree = "<group>"; };
		C6A45E0C23A62A3B00B809FE /* SceneDelegate.swift */ = {isa = PBXFileReference; lastKnownFileType = sourcecode.swift; path = SceneDelegate.swift; sourceTree = "<group>"; };
		C6A45E0E23A62A3B00B809FE /* ContentView.swift */ = {isa = PBXFileReference; lastKnownFileType = sourcecode.swift; path = ContentView.swift; sourceTree = "<group>"; };
		C6A45E1023A62A3C00B809FE /* Assets.xcassets */ = {isa = PBXFileReference; lastKnownFileType = folder.assetcatalog; path = Assets.xcassets; sourceTree = "<group>"; };
		C6A45E1323A62A3C00B809FE /* Preview Assets.xcassets */ = {isa = PBXFileReference; lastKnownFileType = folder.assetcatalog; path = "Preview Assets.xcassets"; sourceTree = "<group>"; };
		C6A45E1623A62A3C00B809FE /* Base */ = {isa = PBXFileReference; lastKnownFileType = file.storyboard; name = Base; path = Base.lproj/LaunchScreen.storyboard; sourceTree = "<group>"; };
		C6A45E1823A62A3C00B809FE /* Info.plist */ = {isa = PBXFileReference; lastKnownFileType = text.plist.xml; path = Info.plist; sourceTree = "<group>"; };
		C6E6A43D23A6522B0097F920 /* LoginView.swift */ = {isa = PBXFileReference; lastKnownFileType = sourcecode.swift; path = LoginView.swift; sourceTree = "<group>"; };
		C6E6A44323A68ADC0097F920 /* sample.json */ = {isa = PBXFileReference; fileEncoding = 4; lastKnownFileType = text.json; path = sample.json; sourceTree = "<group>"; };
		C6E6A44623A68B0F0097F920 /* Activity.swift */ = {isa = PBXFileReference; lastKnownFileType = sourcecode.swift; path = Activity.swift; sourceTree = "<group>"; };
		C6E6A44823A68CA20097F920 /* Data.swift */ = {isa = PBXFileReference; lastKnownFileType = sourcecode.swift; path = Data.swift; sourceTree = "<group>"; };
		C6E6A44A23A68D5B0097F920 /* ActivitySimpleView.swift */ = {isa = PBXFileReference; lastKnownFileType = sourcecode.swift; path = ActivitySimpleView.swift; sourceTree = "<group>"; };
/* End PBXFileReference section */

/* Begin PBXFrameworksBuildPhase section */
		C6A45E0423A62A3B00B809FE /* Frameworks */ = {
			isa = PBXFrameworksBuildPhase;
			buildActionMask = 2147483647;
			files = (
			);
			runOnlyForDeploymentPostprocessing = 0;
		};
/* End PBXFrameworksBuildPhase section */

/* Begin PBXGroup section */
		C6A45DFE23A62A3B00B809FE = {
			isa = PBXGroup;
			children = (
				C6A45E0923A62A3B00B809FE /* Activities */,
				C6A45E0823A62A3B00B809FE /* Products */,
			);
			sourceTree = "<group>";
		};
		C6A45E0823A62A3B00B809FE /* Products */ = {
			isa = PBXGroup;
			children = (
				C6A45E0723A62A3B00B809FE /* Activities.app */,
			);
			name = Products;
			sourceTree = "<group>";
		};
		C6A45E0923A62A3B00B809FE /* Activities */ = {
			isa = PBXGroup;
			children = (
				C6A45E0A23A62A3B00B809FE /* AppDelegate.swift */,
				C6A45E0C23A62A3B00B809FE /* SceneDelegate.swift */,
				C6E6A44523A68B010097F920 /* Models */,
				C6E6A43F23A688A20097F920 /* Views */,
				C6E6A44223A68A930097F920 /* Resources */,
				C6A45E1023A62A3C00B809FE /* Assets.xcassets */,
				C6A45E1523A62A3C00B809FE /* LaunchScreen.storyboard */,
				C6A45E1823A62A3C00B809FE /* Info.plist */,
				C6A45E1223A62A3C00B809FE /* Preview Content */,
			);
			path = Activities;
			sourceTree = "<group>";
		};
		C6A45E1223A62A3C00B809FE /* Preview Content */ = {
			isa = PBXGroup;
			children = (
				C6A45E1323A62A3C00B809FE /* Preview Assets.xcassets */,
			);
			path = "Preview Content";
			sourceTree = "<group>";
		};
		C6E6A43F23A688A20097F920 /* Views */ = {
			isa = PBXGroup;
			children = (
				C6A45E0E23A62A3B00B809FE /* ContentView.swift */,
				C6E6A43D23A6522B0097F920 /* LoginView.swift */,
				C6E6A44A23A68D5B0097F920 /* ActivitySimpleView.swift */,
			);
			path = Views;
			sourceTree = "<group>";
		};
		C6E6A44223A68A930097F920 /* Resources */ = {
			isa = PBXGroup;
			children = (
				C6E6A44323A68ADC0097F920 /* sample.json */,
			);
			path = Resources;
			sourceTree = "<group>";
		};
		C6E6A44523A68B010097F920 /* Models */ = {
			isa = PBXGroup;
			children = (
				C6E6A44623A68B0F0097F920 /* Activity.swift */,
				C6E6A44823A68CA20097F920 /* Data.swift */,
			);
			path = Models;
			sourceTree = "<group>";
		};
/* End PBXGroup section */

/* Begin PBXNativeTarget section */
		C6A45E0623A62A3B00B809FE /* Activities */ = {
			isa = PBXNativeTarget;
			buildConfigurationList = C6A45E1B23A62A3C00B809FE /* Build configuration list for PBXNativeTarget "Activities" */;
			buildPhases = (
				C6A45E0323A62A3B00B809FE /* Sources */,
				C6A45E0423A62A3B00B809FE /* Frameworks */,
				C6A45E0523A62A3B00B809FE /* Resources */,
			);
			buildRules = (
			);
			dependencies = (
			);
			name = Activities;
			productName = Activities;
			productReference = C6A45E0723A62A3B00B809FE /* Activities.app */;
			productType = "com.apple.product-type.application";
		};
/* End PBXNativeTarget section */

/* Begin PBXProject section */
		C6A45DFF23A62A3B00B809FE /* Project object */ = {
			isa = PBXProject;
			attributes = {
				LastSwiftUpdateCheck = 1130;
				LastUpgradeCheck = 1130;
				ORGANIZATIONNAME = "Anton Karazeev";
				TargetAttributes = {
					C6A45E0623A62A3B00B809FE = {
						CreatedOnToolsVersion = 11.3;
					};
				};
			};
			buildConfigurationList = C6A45E0223A62A3B00B809FE /* Build configuration list for PBXProject "Activities" */;
			compatibilityVersion = "Xcode 9.3";
			developmentRegion = en;
			hasScannedForEncodings = 0;
			knownRegions = (
				en,
				Base,
			);
			mainGroup = C6A45DFE23A62A3B00B809FE;
			productRefGroup = C6A45E0823A62A3B00B809FE /* Products */;
			projectDirPath = "";
			projectRoot = "";
			targets = (
				C6A45E0623A62A3B00B809FE /* Activities */,
			);
		};
/* End PBXProject section */

/* Begin PBXResourcesBuildPhase section */
		C6A45E0523A62A3B00B809FE /* Resources */ = {
			isa = PBXResourcesBuildPhase;
			buildActionMask = 2147483647;
			files = (
				C6A45E1723A62A3C00B809FE /* LaunchScreen.storyboard in Resources */,
				C6E6A44423A68ADC0097F920 /* sample.json in Resources */,
				C6A45E1423A62A3C00B809FE /* Preview Assets.xcassets in Resources */,
				C6A45E1123A62A3C00B809FE /* Assets.xcassets in Resources */,
			);
			runOnlyForDeploymentPostprocessing = 0;
		};
/* End PBXResourcesBuildPhase section */

/* Begin PBXSourcesBuildPhase section */
		C6A45E0323A62A3B00B809FE /* Sources */ = {
			isa = PBXSourcesBuildPhase;
			buildActionMask = 2147483647;
			files = (
				C6E6A44B23A68D5B0097F920 /* ActivitySimpleView.swift in Sources */,
				C6A45E0B23A62A3B00B809FE /* AppDelegate.swift in Sources */,
				C6E6A44923A68CA20097F920 /* Data.swift in Sources */,
				C6A45E0D23A62A3B00B809FE /* SceneDelegate.swift in Sources */,
				C6E6A44723A68B0F0097F920 /* Activity.swift in Sources */,
				C6A45E0F23A62A3B00B809FE /* ContentView.swift in Sources */,
				C6E6A43E23A6522B0097F920 /* LoginView.swift in Sources */,
			);
			runOnlyForDeploymentPostprocessing = 0;
		};
/* End PBXSourcesBuildPhase section */

/* Begin PBXVariantGroup section */
		C6A45E1523A62A3C00B809FE /* LaunchScreen.storyboard */ = {
			isa = PBXVariantGroup;
			children = (
				C6A45E1623A62A3C00B809FE /* Base */,
			);
			name = LaunchScreen.storyboard;
			sourceTree = "<group>";
		};
/* End PBXVariantGroup section */

/* Begin XCBuildConfiguration section */
		C6A45E1923A62A3C00B809FE /* Debug */ = {
			isa = XCBuildConfiguration;
			buildSettings = {
				ALWAYS_SEARCH_USER_PATHS = NO;
				CLANG_ANALYZER_NONNULL = YES;
				CLANG_ANALYZER_NUMBER_OBJECT_CONVERSION = YES_AGGRESSIVE;
				CLANG_CXX_LANGUAGE_STANDARD = "gnu++14";
				CLANG_CXX_LIBRARY = "libc++";
				CLANG_ENABLE_MODULES = YES;
				CLANG_ENABLE_OBJC_ARC = YES;
				CLANG_ENABLE_OBJC_WEAK = YES;
				CLANG_WARN_BLOCK_CAPTURE_AUTORELEASING = YES;
				CLANG_WARN_BOOL_CONVERSION = YES;
				CLANG_WARN_COMMA = YES;
				CLANG_WARN_CONSTANT_CONVERSION = YES;
				CLANG_WARN_DEPRECATED_OBJC_IMPLEMENTATIONS = YES;
				CLANG_WARN_DIRECT_OBJC_ISA_USAGE = YES_ERROR;
				CLANG_WARN_DOCUMENTATION_COMMENTS = YES;
				CLANG_WARN_EMPTY_BODY = YES;
				CLANG_WARN_ENUM_CONVERSION = YES;
				CLANG_WARN_INFINITE_RECURSION = YES;
				CLANG_WARN_INT_CONVERSION = YES;
				CLANG_WARN_NON_LITERAL_NULL_CONVERSION = YES;
				CLANG_WARN_OBJC_IMPLICIT_RETAIN_SELF = YES;
				CLANG_WARN_OBJC_LITERAL_CONVERSION = YES;
				CLANG_WARN_OBJC_ROOT_CLASS = YES_ERROR;
				CLANG_WARN_RANGE_LOOP_ANALYSIS = YES;
				CLANG_WARN_STRICT_PROTOTYPES = YES;
				CLANG_WARN_SUSPICIOUS_MOVE = YES;
				CLANG_WARN_UNGUARDED_AVAILABILITY = YES_AGGRESSIVE;
				CLANG_WARN_UNREACHABLE_CODE = YES;
				CLANG_WARN__DUPLICATE_METHOD_MATCH = YES;
				COPY_PHASE_STRIP = NO;
				DEBUG_INFORMATION_FORMAT = dwarf;
				ENABLE_STRICT_OBJC_MSGSEND = YES;
				ENABLE_TESTABILITY = YES;
				GCC_C_LANGUAGE_STANDARD = gnu11;
				GCC_DYNAMIC_NO_PIC = NO;
				GCC_NO_COMMON_BLOCKS = YES;
				GCC_OPTIMIZATION_LEVEL = 0;
				GCC_PREPROCESSOR_DEFINITIONS = (
					"DEBUG=1",
					"$(inherited)",
				);
				GCC_WARN_64_TO_32_BIT_CONVERSION = YES;
				GCC_WARN_ABOUT_RETURN_TYPE = YES_ERROR;
				GCC_WARN_UNDECLARED_SELECTOR = YES;
				GCC_WARN_UNINITIALIZED_AUTOS = YES_AGGRESSIVE;
				GCC_WARN_UNUSED_FUNCTION = YES;
				GCC_WARN_UNUSED_VARIABLE = YES;
				IPHONEOS_DEPLOYMENT_TARGET = 13.2;
				MTL_ENABLE_DEBUG_INFO = INCLUDE_SOURCE;
				MTL_FAST_MATH = YES;
				ONLY_ACTIVE_ARCH = YES;
				SDKROOT = iphoneos;
				SWIFT_ACTIVE_COMPILATION_CONDITIONS = DEBUG;
				SWIFT_OPTIMIZATION_LEVEL = "-Onone";
			};
			name = Debug;
		};
		C6A45E1A23A62A3C00B809FE /* Release */ = {
			isa = XCBuildConfiguration;
			buildSettings = {
				ALWAYS_SEARCH_USER_PATHS = NO;
				CLANG_ANALYZER_NONNULL = YES;
				CLANG_ANALYZER_NUMBER_OBJECT_CONVERSION = YES_AGGRESSIVE;
				CLANG_CXX_LANGUAGE_STANDARD = "gnu++14";
				CLANG_CXX_LIBRARY = "libc++";
				CLANG_ENABLE_MODULES = YES;
				CLANG_ENABLE_OBJC_ARC = YES;
				CLANG_ENABLE_OBJC_WEAK = YES;
				CLANG_WARN_BLOCK_CAPTURE_AUTORELEASING = YES;
				CLANG_WARN_BOOL_CONVERSION = YES;
				CLANG_WARN_COMMA = YES;
				CLANG_WARN_CONSTANT_CONVERSION = YES;
				CLANG_WARN_DEPRECATED_OBJC_IMPLEMENTATIONS = YES;
				CLANG_WARN_DIRECT_OBJC_ISA_USAGE = YES_ERROR;
				CLANG_WARN_DOCUMENTATION_COMMENTS = YES;
				CLANG_WARN_EMPTY_BODY = YES;
				CLANG_WARN_ENUM_CONVERSION = YES;
				CLANG_WARN_INFINITE_RECURSION = YES;
				CLANG_WARN_INT_CONVERSION = YES;
				CLANG_WARN_NON_LITERAL_NULL_CONVERSION = YES;
				CLANG_WARN_OBJC_IMPLICIT_RETAIN_SELF = YES;
				CLANG_WARN_OBJC_LITERAL_CONVERSION = YES;
				CLANG_WARN_OBJC_ROOT_CLASS = YES_ERROR;
				CLANG_WARN_RANGE_LOOP_ANALYSIS = YES;
				CLANG_WARN_STRICT_PROTOTYPES = YES;
				CLANG_WARN_SUSPICIOUS_MOVE = YES;
				CLANG_WARN_UNGUARDED_AVAILABILITY = YES_AGGRESSIVE;
				CLANG_WARN_UNREACHABLE_CODE = YES;
				CLANG_WARN__DUPLICATE_METHOD_MATCH = YES;
				COPY_PHASE_STRIP = NO;
				DEBUG_INFORMATION_FORMAT = "dwarf-with-dsym";
				ENABLE_NS_ASSERTIONS = NO;
				ENABLE_STRICT_OBJC_MSGSEND = YES;
				GCC_C_LANGUAGE_STANDARD = gnu11;
				GCC_NO_COMMON_BLOCKS = YES;
				GCC_WARN_64_TO_32_BIT_CONVERSION = YES;
				GCC_WARN_ABOUT_RETURN_TYPE = YES_ERROR;
				GCC_WARN_UNDECLARED_SELECTOR = YES;
				GCC_WARN_UNINITIALIZED_AUTOS = YES_AGGRESSIVE;
				GCC_WARN_UNUSED_FUNCTION = YES;
				GCC_WARN_UNUSED_VARIABLE = YES;
				IPHONEOS_DEPLOYMENT_TARGET = 13.2;
				MTL_ENABLE_DEBUG_INFO = NO;
				MTL_FAST_MATH = YES;
				SDKROOT = iphoneos;
				SWIFT_COMPILATION_MODE = wholemodule;
				SWIFT_OPTIMIZATION_LEVEL = "-O";
				VALIDATE_PRODUCT = YES;
			};
			name = Release;
		};
		C6A45E1C23A62A3C00B809FE /* Debug */ = {
			isa = XCBuildConfiguration;
			buildSettings = {
				ASSETCATALOG_COMPILER_APPICON_NAME = AppIcon;
				CODE_SIGN_STYLE = Automatic;
				DEVELOPMENT_ASSET_PATHS = "\"Activities/Preview Content\"";
				DEVELOPMENT_TEAM = 57999F6ZGJ;
				ENABLE_PREVIEWS = YES;
				INFOPLIST_FILE = Activities/Info.plist;
				LD_RUNPATH_SEARCH_PATHS = (
					"$(inherited)",
					"@executable_path/Frameworks",
				);
				PRODUCT_BUNDLE_IDENTIFIER = com.karazeev.Activities;
				PRODUCT_NAME = "$(TARGET_NAME)";
				SWIFT_VERSION = 5.0;
				TARGETED_DEVICE_FAMILY = "1,2";
			};
			name = Debug;
		};
		C6A45E1D23A62A3C00B809FE /* Release */ = {
			isa = XCBuildConfiguration;
			buildSettings = {
				ASSETCATALOG_COMPILER_APPICON_NAME = AppIcon;
				CODE_SIGN_STYLE = Automatic;
				DEVELOPMENT_ASSET_PATHS = "\"Activities/Preview Content\"";
				DEVELOPMENT_TEAM = 57999F6ZGJ;
				ENABLE_PREVIEWS = YES;
				INFOPLIST_FILE = Activities/Info.plist;
				LD_RUNPATH_SEARCH_PATHS = (
					"$(inherited)",
					"@executable_path/Frameworks",
				);
				PRODUCT_BUNDLE_IDENTIFIER = com.karazeev.Activities;
				PRODUCT_NAME = "$(TARGET_NAME)";
				SWIFT_VERSION = 5.0;
				TARGETED_DEVICE_FAMILY = "1,2";
			};
			name = Release;
		};
/* End XCBuildConfiguration section */

/* Begin XCConfigurationList section */
		C6A45E0223A62A3B00B809FE /* Build configuration list for PBXProject "Activities" */ = {
			isa = XCConfigurationList;
			buildConfigurations = (
				C6A45E1923A62A3C00B809FE /* Debug */,
				C6A45E1A23A62A3C00B809FE /* Release */,
			);
			defaultConfigurationIsVisible = 0;
			defaultConfigurationName = Release;
		};
		C6A45E1B23A62A3C00B809FE /* Build configuration list for PBXNativeTarget "Activities" */ = {
			isa = XCConfigurationList;
			buildConfigurations = (
				C6A45E1C23A62A3C00B809FE /* Debug */,
				C6A45E1D23A62A3C00B809FE /* Release */,
			);
			defaultConfigurationIsVisible = 0;
			defaultConfigurationName = Release;
		};
/* End XCConfigurationList section */
	};
	rootObject = C6A45DFF23A62A3B00B809FE /* Project object */;
}
